
Microsoft Visual Studio Solution File, Format Version 12.00
# Visual Studio 15
VisualStudioVersion = 15.0.26730.3
MinimumVisualStudioVersion = 10.0.40219.1
Project("{9A19103F-16F7-4668-BE54-9A1E7A4F7556}") = "Wjw1.Infrastructure", "Wjw1.Infrastructure\Wjw1.Infrastructure.csproj", "{988CB7F8-9547-4C7B-9E47-6BE50C34EB2C}"
EndProject
Project("{9A19103F-16F7-4668-BE54-9A1E7A4F7556}") = "Wjw1.ModuleBaseLibrary", "Wjw1.ModuleBaseLibrary\Wjw1.ModuleBaseLibrary.csproj", "{D61B9C79-B8A1-4D39-BC5E-27AC3BEB583D}"
EndProject
Project("{2150E333-8FDC-42A3-9474-1A3956D46DE8}") = "Modules", "Modules", "{1D19CF20-2A32-4F1C-B83B-290692871AF7}"
EndProject
Project("{9A19103F-16F7-4668-BE54-9A1E7A4F7556}") = "Wjw1.Module.Core", "Modules\Wjw1.Module.Core\Wjw1.Module.Core.csproj", "{E754C7B5-EE50-43D9-94EB-0788C28CBA75}"
EndProject
Project("{9A19103F-16F7-4668-BE54-9A1E7A4F7556}") = "Wjw1.Web", "Wjw1.Web\Wjw1.Web.csproj", "{319EBB97-B692-4321-8968-3EDA21013FAE}"
EndProject
Global
	GlobalSection(SolutionConfigurationPlatforms) = preSolution
		Debug|Any CPU = Debug|Any CPU
		Release|Any CPU = Release|Any CPU
	EndGlobalSection
	GlobalSection(ProjectConfigurationPlatforms) = postSolution
		{988CB7F8-9547-4C7B-9E47-6BE50C34EB2C}.Debug|Any CPU.ActiveCfg = Debug|Any CPU
		{988CB7F8-9547-4C7B-9E47-6BE50C34EB2C}.Debug|Any CPU.Build.0 = Debug|Any CPU
		{988CB7F8-9547-4C7B-9E47-6BE50C34EB2C}.Release|Any CPU.ActiveCfg = Release|Any CPU
		{988CB7F8-9547-4C7B-9E47-6BE50C34EB2C}.Release|Any CPU.Build.0 = Release|Any CPU
		{D61B9C79-B8A1-4D39-BC5E-27AC3BEB583D}.Debug|Any CPU.ActiveCfg = Debug|Any CPU
		{D61B9C79-B8A1-4D39-BC5E-27AC3BEB583D}.Debug|Any CPU.Build.0 = Debug|Any CPU
		{D61B9C79-B8A1-4D39-BC5E-27AC3BEB583D}.Release|Any CPU.ActiveCfg = Release|Any CPU
		{D61B9C79-B8A1-4D39-BC5E-27AC3BEB583D}.Release|Any CPU.Build.0 = Release|Any CPU
		{E754C7B5-EE50-43D9-94EB-0788C28CBA75}.Debug|Any CPU.ActiveCfg = Debug|Any CPU
		{E754C7B5-EE50-43D9-94EB-0788C28CBA75}.Debug|Any CPU.Build.0 = Debug|Any CPU
		{E754C7B5-EE50-43D9-94EB-0788C28CBA75}.Release|Any CPU.ActiveCfg = Release|Any CPU
		{E754C7B5-EE50-43D9-94EB-0788C28CBA75}.Release|Any CPU.Build.0 = Release|Any CPU
		{319EBB97-B692-4321-8968-3EDA21013FAE}.Debug|Any CPU.ActiveCfg = Debug|Any CPU
		{319EBB97-B692-4321-8968-3EDA21013FAE}.Debug|Any CPU.Build.0 = Debug|Any CPU
		{319EBB97-B692-4321-8968-3EDA21013FAE}.Release|Any CPU.ActiveCfg = Release|Any CPU
		{319EBB97-B692-4321-8968-3EDA21013FAE}.Release|Any CPU.Build.0 = Release|Any CPU
	EndGlobalSection
	GlobalSection(SolutionProperties) = preSolution
		HideSolutionNode = FALSE
	EndGlobalSection
	GlobalSection(NestedProjects) = preSolution
		{E754C7B5-EE50-43D9-94EB-0788C28CBA75} = {1D19CF20-2A32-4F1C-B83B-290692871AF7}
	EndGlobalSection
	GlobalSection(ExtensibilityGlobals) = postSolution
		SolutionGuid = {2013446D-D813-4C78-B634-49CD307987D7}
	EndGlobalSection
EndGlobal
